
Microsoft Visual Studio Solution File, Format Version 12.00
# Visual Studio 14
VisualStudioVersion = 14.0.25420.1
MinimumVisualStudioVersion = 10.0.40219.1
Project("{8BC9CEB8-8B4A-11D0-8D11-00A0C91BC942}") = "acplugin", "acplugin\acplugin.vcxproj", "{3C3955D9-24D9-4304-A6DE-A4ADFBAABD65}"
	ProjectSection(ProjectDependencies) = postProject
		{939A8B0A-1DB9-4B8B-9E3F-3E1502F5F28D} = {939A8B0A-1DB9-4B8B-9E3F-3E1502F5F28D}
	EndProjectSection
EndProject
Project("{8BC9CEB8-8B4A-11D0-8D11-00A0C91BC942}") = "minhook", "minhook\minhook.vcxproj", "{939A8B0A-1DB9-4B8B-9E3F-3E1502F5F28D}"
EndProject
Project("{8BC9CEB8-8B4A-11D0-8D11-00A0C91BC942}") = "dinput8", "dinput8\dinput8.vcxproj", "{F716DB57-F46C-4C9B-A0AF-037653A981ED}"
	ProjectSection(ProjectDependencies) = postProject
		{939A8B0A-1DB9-4B8B-9E3F-3E1502F5F28D} = {939A8B0A-1DB9-4B8B-9E3F-3E1502F5F28D}
	EndProjectSection
EndProject
Global
	GlobalSection(SolutionConfigurationPlatforms) = preSolution
		Debug|x64 = Debug|x64
		Release|x64 = Release|x64
	EndGlobalSection
	GlobalSection(ProjectConfigurationPlatforms) = postSolution
		{3C3955D9-24D9-4304-A6DE-A4ADFBAABD65}.Debug|x64.ActiveCfg = Debug|x64
		{3C3955D9-24D9-4304-A6DE-A4ADFBAABD65}.Debug|x64.Build.0 = Debug|x64
		{3C3955D9-24D9-4304-A6DE-A4ADFBAABD65}.Release|x64.ActiveCfg = Release|x64
		{3C3955D9-24D9-4304-A6DE-A4ADFBAABD65}.Release|x64.Build.0 = Release|x64
		{939A8B0A-1DB9-4B8B-9E3F-3E1502F5F28D}.Debug|x64.ActiveCfg = Debug|x64
		{939A8B0A-1DB9-4B8B-9E3F-3E1502F5F28D}.Debug|x64.Build.0 = Debug|x64
		{939A8B0A-1DB9-4B8B-9E3F-3E1502F5F28D}.Release|x64.ActiveCfg = Release|x64
		{939A8B0A-1DB9-4B8B-9E3F-3E1502F5F28D}.Release|x64.Build.0 = Release|x64
		{F716DB57-F46C-4C9B-A0AF-037653A981ED}.Debug|x64.ActiveCfg = Debug|x64
		{F716DB57-F46C-4C9B-A0AF-037653A981ED}.Debug|x64.Build.0 = Debug|x64
		{F716DB57-F46C-4C9B-A0AF-037653A981ED}.Release|x64.ActiveCfg = Release|x64
		{F716DB57-F46C-4C9B-A0AF-037653A981ED}.Release|x64.Build.0 = Release|x64
	EndGlobalSection
	GlobalSection(SolutionProperties) = preSolution
		HideSolutionNode = FALSE
	EndGlobalSection
EndGlobal
