<?xml version="1.0" encoding="utf-8"?>
<Project ToolsVersion="4.0" xmlns="http://schemas.microsoft.com/developer/msbuild/2003">
  <ItemGroup>
    <Filter Include="CheaterDetector">
      <UniqueIdentifier>{3ee2891d-e568-439f-8efa-652952232e4f}</UniqueIdentifier>
    </Filter>
    <Filter Include="AC">
      <UniqueIdentifier>{e776daa4-f833-478e-8aae-27b3e5680415}</UniqueIdentifier>
    </Filter>
    <Filter Include="plugin">
      <UniqueIdentifier>{d7aa8f20-7d42-4ea5-84c0-343dd466747c}</UniqueIdentifier>
    </Filter>
    <Filter Include="CustomPhysics">
      <UniqueIdentifier>{1709debb-5624-42f8-a4d4-59578bed3d0d}</UniqueIdentifier>
    </Filter>
    <Filter Include="utils">
      <UniqueIdentifier>{248132dd-fba0-4bdb-aa65-9ca57196e6d7}</UniqueIdentifier>
    </Filter>
    <Filter Include="pch">
      <UniqueIdentifier>{4896d16c-d29a-43f2-bd43-c336062e99bb}</UniqueIdentifier>
    </Filter>
    <Filter Include="CustomPhysics\Impl">
      <UniqueIdentifier>{0d49c1cf-dc95-47a5-8b97-bd4bc9493b86}</UniqueIdentifier>
    </Filter>
    <Filter Include="FaceTrack">
      <UniqueIdentifier>{d3eb4e45-3d17-4bf8-8237-36f75e5ee3a1}</UniqueIdentifier>
    </Filter>
    <Filter Include="CustomPhysics\Impl\Shitty">
      <UniqueIdentifier>{9f18a300-3f93-49d6-aa99-0a39afd5f946}</UniqueIdentifier>
    </Filter>
    <Filter Include="CustomPhysics\Impl\Docs">
      <UniqueIdentifier>{966204d4-154b-4870-bd76-5fdca39e1bf8}</UniqueIdentifier>
    </Filter>
    <Filter Include="CustomPhysics\Impl\Clean">
      <UniqueIdentifier>{a34637a5-926e-4003-922a-b88487318138}</UniqueIdentifier>
    </Filter>
    <Filter Include="CustomPhysics\Game">
      <UniqueIdentifier>{b39a8cd0-e817-41b5-9cf7-eb7c175323b4}</UniqueIdentifier>
    </Filter>
    <Filter Include="CustomPhysics\Impl\TODO">
      <UniqueIdentifier>{e53d4386-668f-46ca-9550-af052ce85f4e}</UniqueIdentifier>
    </Filter>
    <Filter Include="CustomPhysics\Impl\ODE">
      <UniqueIdentifier>{bdab46d6-7eac-4ed4-a646-d92266fa6e8c}</UniqueIdentifier>
    </Filter>
  </ItemGroup>
  <ItemGroup>
    <ClCompile Include="CustomPhysics\AppCustomPhysics.cpp">
      <Filter>CustomPhysics</Filter>
    </ClCompile>
    <ClCompile Include="CheaterDetector\AppCheaterDetector.cpp">
      <Filter>CheaterDetector</Filter>
    </ClCompile>
    <ClCompile Include="utils\vthook.cpp">
      <Filter>utils</Filter>
    </ClCompile>
    <ClCompile Include="plugin\plugin.cpp">
      <Filter>plugin</Filter>
    </ClCompile>
    <ClCompile Include="plugin\PluginApp.cpp">
      <Filter>plugin</Filter>
    </ClCompile>
    <ClCompile Include="utils\common.cpp">
      <Filter>utils</Filter>
    </ClCompile>
    <ClCompile Include="precompiled.cpp">
      <Filter>pch</Filter>
    </ClCompile>
    <ClCompile Include="utils\log.cpp">
      <Filter>utils</Filter>
    </ClCompile>
    <ClCompile Include="utils\hook.cpp">
      <Filter>utils</Filter>
    </ClCompile>
    <ClCompile Include="utils\mempatch.cpp">
      <Filter>utils</Filter>
    </ClCompile>
    <ClCompile Include="utils\os.cpp">
      <Filter>utils</Filter>
    </ClCompile>
    <ClCompile Include="FaceTrack\AppFaceTrack.cpp">
      <Filter>FaceTrack</Filter>
    </ClCompile>
    <ClCompile Include="CustomPhysics\Game\Timer.cpp">
      <Filter>CustomPhysics\Game</Filter>
    </ClCompile>
  </ItemGroup>
  <ItemGroup>
    <ClInclude Include="CustomPhysics\AppCustomPhysics.h">
      <Filter>CustomPhysics</Filter>
    </ClInclude>
    <ClInclude Include="CheaterDetector\AppCheaterDetector.h">
      <Filter>CheaterDetector</Filter>
    </ClInclude>
    <ClInclude Include="CheaterDetector\DriverPerf.h">
      <Filter>CheaterDetector</Filter>
    </ClInclude>
    <ClInclude Include="CheaterDetector\DriverState.h">
      <Filter>CheaterDetector</Filter>
    </ClInclude>
    <ClInclude Include="CheaterDetector\GridView.h">
      <Filter>CheaterDetector</Filter>
    </ClInclude>
    <ClInclude Include="utils\udt.h">
      <Filter>utils</Filter>
    </ClInclude>
    <ClInclude Include="utils\vthook.h">
      <Filter>utils</Filter>
    </ClInclude>
    <ClInclude Include="AC\ac_gen.h">
      <Filter>AC</Filter>
    </ClInclude>
    <ClInclude Include="AC\ac_sdk.h">
      <Filter>AC</Filter>
    </ClInclude>
    <ClInclude Include="plugin\plugin.h">
      <Filter>plugin</Filter>
    </ClInclude>
    <ClInclude Include="plugin\PluginApp.h">
      <Filter>plugin</Filter>
    </ClInclude>
    <ClInclude Include="utils\common.h">
      <Filter>utils</Filter>
    </ClInclude>
    <ClInclude Include="precompiled.h">
      <Filter>pch</Filter>
    </ClInclude>
    <ClInclude Include="utils\log.h">
      <Filter>utils</Filter>
    </ClInclude>
    <ClInclude Include="utils\hook.h">
      <Filter>utils</Filter>
    </ClInclude>
    <ClInclude Include="utils\mempatch.h">
      <Filter>utils</Filter>
    </ClInclude>
    <ClInclude Include="utils\os.h">
      <Filter>utils</Filter>
    </ClInclude>
    <ClInclude Include="FaceTrack\AppFaceTrack.h">
      <Filter>FaceTrack</Filter>
    </ClInclude>
    <ClInclude Include="FaceTrack\facetrack.h">
      <Filter>FaceTrack</Filter>
    </ClInclude>
    <ClInclude Include="CustomPhysics\Impl\TyreForces.h">
      <Filter>CustomPhysics\Impl\Shitty</Filter>
    </ClInclude>
    <ClInclude Include="CustomPhysics\Impl\AeroMap.h">
      <Filter>CustomPhysics\Impl\Clean</Filter>
    </ClInclude>
    <ClInclude Include="CustomPhysics\Impl\AntirollBar.h">
      <Filter>CustomPhysics\Impl\Clean</Filter>
    </ClInclude>
    <ClInclude Include="CustomPhysics\Impl\BrakeSystem.h">
      <Filter>CustomPhysics\Impl\Clean</Filter>
    </ClInclude>
    <ClInclude Include="CustomPhysics\Impl\BrushSlipProvider.h">
      <Filter>CustomPhysics\Impl\Clean</Filter>
    </ClInclude>
    <ClInclude Include="CustomPhysics\Impl\BrushTyreModel.h">
      <Filter>CustomPhysics\Impl\Clean</Filter>
    </ClInclude>
    <ClInclude Include="CustomPhysics\Impl\Car.h">
      <Filter>CustomPhysics\Impl\Clean</Filter>
    </ClInclude>
    <ClInclude Include="CustomPhysics\Impl\CarUtils.h">
      <Filter>CustomPhysics\Impl\Clean</Filter>
    </ClInclude>
    <ClInclude Include="CustomPhysics\Impl\Damper.h">
      <Filter>CustomPhysics\Impl\Clean</Filter>
    </ClInclude>
    <ClInclude Include="CustomPhysics\Impl\Drivetrain.h">
      <Filter>CustomPhysics\Impl\Clean</Filter>
    </ClInclude>
    <ClInclude Include="CustomPhysics\Impl\Suspension.h">
      <Filter>CustomPhysics\Impl\Clean</Filter>
    </ClInclude>
    <ClInclude Include="CustomPhysics\Impl\SuspensionAxle.h">
      <Filter>CustomPhysics\Impl\Clean</Filter>
    </ClInclude>
    <ClInclude Include="CustomPhysics\Impl\SuspensionML.h">
      <Filter>CustomPhysics\Impl\Clean</Filter>
    </ClInclude>
    <ClInclude Include="CustomPhysics\Impl\SuspensionStrut.h">
      <Filter>CustomPhysics\Impl\Clean</Filter>
    </ClInclude>
    <ClInclude Include="CustomPhysics\Impl\HeaveSpring.h">
      <Filter>CustomPhysics\Impl\Clean</Filter>
    </ClInclude>
    <ClInclude Include="CustomPhysics\Impl\ThermalObject.h">
      <Filter>CustomPhysics\Impl\Clean</Filter>
    </ClInclude>
    <ClInclude Include="CustomPhysics\Impl\Turbo.h">
      <Filter>CustomPhysics\Impl\Clean</Filter>
    </ClInclude>
    <ClInclude Include="CustomPhysics\Impl\Wing.h">
      <Filter>CustomPhysics\Impl\Clean</Filter>
    </ClInclude>
    <ClInclude Include="CustomPhysics\Impl\SlipStream.h">
      <Filter>CustomPhysics\Impl\Clean</Filter>
    </ClInclude>
    <ClInclude Include="CustomPhysics\Impl\Engine.h">
      <Filter>CustomPhysics\Impl\Clean</Filter>
    </ClInclude>
    <ClInclude Include="CustomPhysics\Impl\Drivetrain2WD.h">
      <Filter>CustomPhysics\Impl\Clean</Filter>
    </ClInclude>
    <ClInclude Include="CustomPhysics\Impl\DynamicController.h">
      <Filter>CustomPhysics\Impl\Clean</Filter>
    </ClInclude>
    <ClInclude Include="CustomPhysics\Impl\Tyre.h">
      <Filter>CustomPhysics\Impl\Clean</Filter>
    </ClInclude>
    <ClInclude Include="CustomPhysics\Impl\TyreForcesLegacy.h">
      <Filter>CustomPhysics\Impl\Clean</Filter>
    </ClInclude>
    <ClInclude Include="CustomPhysics\Impl\TyreUtils.h">
      <Filter>CustomPhysics\Impl\Clean</Filter>
    </ClInclude>
    <ClInclude Include="CustomPhysics\Impl\TyreThermalModel.h">
      <Filter>CustomPhysics\Impl\Clean</Filter>
    </ClInclude>
    <ClInclude Include="CustomPhysics\Impl\TyreModel.h">
      <Filter>CustomPhysics\Impl\Shitty</Filter>
    </ClInclude>
    <ClInclude Include="AC\ac_ode.h">
      <Filter>AC</Filter>
    </ClInclude>
    <ClInclude Include="CustomPhysics\Game\Timer.h">
      <Filter>CustomPhysics\Game</Filter>
    </ClInclude>
    <ClInclude Include="CustomPhysics\Impl\PhysicsCore.h">
      <Filter>CustomPhysics\Impl\ODE</Filter>
    </ClInclude>
    <ClInclude Include="CustomPhysics\Impl\RigidBodyODE.h">
      <Filter>CustomPhysics\Impl\ODE</Filter>
    </ClInclude>
    <ClInclude Include="CustomPhysics\Impl\InternalsODE.h">
      <Filter>CustomPhysics\Impl\ODE</Filter>
    </ClInclude>
    <ClInclude Include="CustomPhysics\Impl\JointODE.h">
      <Filter>CustomPhysics\Impl\ODE</Filter>
    </ClInclude>
  </ItemGroup>
  <ItemGroup>
    <Text Include="CustomPhysics\Impl\CallOrder.txt">
      <Filter>CustomPhysics\Impl\Docs</Filter>
    </Text>
    <Text Include="CustomPhysics\Impl\Cars.txt">
      <Filter>CustomPhysics\Impl\Docs</Filter>
    </Text>
  </ItemGroup>
</Project>