<?xml version="1.0" encoding="utf-8"?>
<Project ToolsVersion="4.0" xmlns="http://schemas.microsoft.com/developer/msbuild/2003">
  <ItemGroup>
    <Filter Include="CheaterDetector">
      <UniqueIdentifier>{3ee2891d-e568-439f-8efa-652952232e4f}</UniqueIdentifier>
    </Filter>
    <Filter Include="AC">
      <UniqueIdentifier>{e776daa4-f833-478e-8aae-27b3e5680415}</UniqueIdentifier>
    </Filter>
    <Filter Include="plugin">
      <UniqueIdentifier>{d7aa8f20-7d42-4ea5-84c0-343dd466747c}</UniqueIdentifier>
    </Filter>
    <Filter Include="CustomPhysics">
      <UniqueIdentifier>{1709debb-5624-42f8-a4d4-59578bed3d0d}</UniqueIdentifier>
    </Filter>
    <Filter Include="utils">
      <UniqueIdentifier>{248132dd-fba0-4bdb-aa65-9ca57196e6d7}</UniqueIdentifier>
    </Filter>
    <Filter Include="pch">
      <UniqueIdentifier>{4896d16c-d29a-43f2-bd43-c336062e99bb}</UniqueIdentifier>
    </Filter>
  </ItemGroup>
  <ItemGroup>
    <ClCompile Include="CustomPhysics\AppCustomPhysics.cpp">
      <Filter>CustomPhysics</Filter>
    </ClCompile>
    <ClCompile Include="CheaterDetector\AppCheaterDetector.cpp">
      <Filter>CheaterDetector</Filter>
    </ClCompile>
    <ClCompile Include="utils\vthook.cpp">
      <Filter>utils</Filter>
    </ClCompile>
    <ClCompile Include="plugin\plugin.cpp">
      <Filter>plugin</Filter>
    </ClCompile>
    <ClCompile Include="plugin\PluginApp.cpp">
      <Filter>plugin</Filter>
    </ClCompile>
    <ClCompile Include="utils\common.cpp">
      <Filter>utils</Filter>
    </ClCompile>
    <ClCompile Include="precompiled.cpp">
      <Filter>pch</Filter>
    </ClCompile>
    <ClCompile Include="CustomPhysics\Drivetrain.cpp">
      <Filter>CustomPhysics</Filter>
    </ClCompile>
    <ClCompile Include="CustomPhysics\Engine.cpp">
      <Filter>CustomPhysics</Filter>
    </ClCompile>
    <ClCompile Include="CustomPhysics\Suspension.cpp">
      <Filter>CustomPhysics</Filter>
    </ClCompile>
    <ClCompile Include="utils\log.cpp">
      <Filter>utils</Filter>
    </ClCompile>
    <ClCompile Include="CustomPhysics\Turbo.cpp">
      <Filter>CustomPhysics</Filter>
    </ClCompile>
    <ClCompile Include="CustomPhysics\Tyre.cpp">
      <Filter>CustomPhysics</Filter>
    </ClCompile>
    <ClCompile Include="utils\hook.cpp">
      <Filter>utils</Filter>
    </ClCompile>
    <ClCompile Include="utils\mempatch.cpp">
      <Filter>utils</Filter>
    </ClCompile>
    <ClCompile Include="CustomPhysics\Damper.cpp">
      <Filter>CustomPhysics</Filter>
    </ClCompile>
    <ClCompile Include="utils\os.cpp">
      <Filter>utils</Filter>
    </ClCompile>
    <ClCompile Include="CustomPhysics\Car.cpp">
      <Filter>CustomPhysics</Filter>
    </ClCompile>
    <ClCompile Include="CustomPhysics\Drivetrain2WD.cpp">
      <Filter>CustomPhysics</Filter>
    </ClCompile>
    <ClCompile Include="CustomPhysics\SuspensionAxle.cpp">
      <Filter>CustomPhysics</Filter>
    </ClCompile>
    <ClCompile Include="CustomPhysics\SuspensionML.cpp">
      <Filter>CustomPhysics</Filter>
    </ClCompile>
    <ClCompile Include="CustomPhysics\TyreForcesV10.cpp">
      <Filter>CustomPhysics</Filter>
    </ClCompile>
    <ClCompile Include="CustomPhysics\SuspensionStrut.cpp">
      <Filter>CustomPhysics</Filter>
    </ClCompile>
  </ItemGroup>
  <ItemGroup>
    <ClInclude Include="CustomPhysics\AppCustomPhysics.h">
      <Filter>CustomPhysics</Filter>
    </ClInclude>
    <ClInclude Include="CheaterDetector\AppCheaterDetector.h">
      <Filter>CheaterDetector</Filter>
    </ClInclude>
    <ClInclude Include="CheaterDetector\DriverPerf.h">
      <Filter>CheaterDetector</Filter>
    </ClInclude>
    <ClInclude Include="CheaterDetector\DriverState.h">
      <Filter>CheaterDetector</Filter>
    </ClInclude>
    <ClInclude Include="CheaterDetector\GridView.h">
      <Filter>CheaterDetector</Filter>
    </ClInclude>
    <ClInclude Include="utils\udt.h">
      <Filter>utils</Filter>
    </ClInclude>
    <ClInclude Include="utils\vthook.h">
      <Filter>utils</Filter>
    </ClInclude>
    <ClInclude Include="AC\ac_gen.h">
      <Filter>AC</Filter>
    </ClInclude>
    <ClInclude Include="AC\ac_sdk.h">
      <Filter>AC</Filter>
    </ClInclude>
    <ClInclude Include="plugin\plugin.h">
      <Filter>plugin</Filter>
    </ClInclude>
    <ClInclude Include="plugin\PluginApp.h">
      <Filter>plugin</Filter>
    </ClInclude>
    <ClInclude Include="utils\common.h">
      <Filter>utils</Filter>
    </ClInclude>
    <ClInclude Include="CustomPhysics\GameHooks.h">
      <Filter>CustomPhysics</Filter>
    </ClInclude>
    <ClInclude Include="precompiled.h">
      <Filter>pch</Filter>
    </ClInclude>
    <ClInclude Include="utils\log.h">
      <Filter>utils</Filter>
    </ClInclude>
    <ClInclude Include="utils\hook.h">
      <Filter>utils</Filter>
    </ClInclude>
    <ClInclude Include="utils\mempatch.h">
      <Filter>utils</Filter>
    </ClInclude>
    <ClInclude Include="utils\os.h">
      <Filter>utils</Filter>
    </ClInclude>
  </ItemGroup>
  <ItemGroup>
    <None Include="CustomPhysics\Tyre.inl">
      <Filter>CustomPhysics</Filter>
    </None>
  </ItemGroup>
</Project>